// !$*UTF8*$!
{
 archiveVersion = 1;
 classes = {};
 objectVersion = 56;
 objects = {
 C00000000000000000000001 = {isa = PBXFileReference; lastKnownFileType = sourcecode.swift; path = MacFiles.swift; sourceTree = "<group>"; };
 C00000000000000000000002 = {isa = PBXBuildFile; fileRef = C00000000000000000000001; };
  A00000000000000000000001 = {isa = PBXProject; attributes = { LastUpgradeCheck = 2600; }; buildConfigurationList = A00000000000000000000002; compatibilityVersion = "Xcode 14.0"; developmentRegion = en; knownRegions = (en, Base); mainGroup = A00000000000000000000003; productRefGroup = A00000000000000000000004; projectDirPath = ""; projectRoot = ""; targets = (A00000000000000000000005,B00000000000000000000001); };
  A00000000000000000000002 = {isa = XCConfigurationList; buildConfigurations = (A00000000000000000000006,A00000000000000000000007); defaultConfigurationIsVisible = 0; defaultConfigurationName = Release; };
  A00000000000000000000003 = {isa = PBXGroup; children = (A00000000000000000000008,B00000000000000000000002,A00000000000000000000004); sourceTree = "<group>"; };
  A00000000000000000000004 = {isa = PBXGroup; children = (A00000000000000000000009,B00000000000000000000003); name = Products; sourceTree = "<group>"; };
  A00000000000000000000005 = {isa = PBXNativeTarget; buildConfigurationList = A00000000000000000000010; buildPhases = (A00000000000000000000011,A00000000000000000000012,A00000000000000000000013); buildRules = (); dependencies = (); name = JaDE; productName = JaDE; productReference = A00000000000000000000009; productType = "com.apple.product-type.application"; };
  A00000000000000000000006 = {isa = XCBuildConfiguration; name = Debug; buildSettings = { SDKROOT = iphoneos; IPHONEOS_DEPLOYMENT_TARGET = 17.0; SWIFT_VERSION = 5.0; DEBUG_INFORMATION_FORMAT = dwarf; SWIFT_OPTIMIZATION_LEVEL = "-Onone"; SWIFT_ACTIVE_COMPILATION_CONDITIONS = DEBUG; }; };
  A00000000000000000000007 = {isa = XCBuildConfiguration; name = Release; buildSettings = { SDKROOT = iphoneos; IPHONEOS_DEPLOYMENT_TARGET = 17.0; SWIFT_VERSION = 5.0; SWIFT_COMPILATION_MODE = wholemodule; }; };
  A00000000000000000000008 = {isa = PBXGroup; path = JaDE; sourceTree = "<group>"; children = (C00000000000000000000001,A00000000000000000000014,A00000000000000000000015,A00000000000000000000016,A00000000000000000000021); };
  A00000000000000000000009 = {isa = PBXFileReference; explicitFileType = wrapper.application; includeInIndex = 0; path = JaDE.app; sourceTree = BUILT_PRODUCTS_DIR; };
  A00000000000000000000010 = {isa = XCConfigurationList; buildConfigurations = (A00000000000000000000017,A00000000000000000000018); defaultConfigurationIsVisible = 0; defaultConfigurationName = Release; };
  A00000000000000000000011 = {isa = PBXSourcesBuildPhase; buildActionMask = 2147483647; files = (C00000000000000000000002,A00000000000000000000019,A00000000000000000000020); runOnlyForDeploymentPostprocessing = 0; };
  A00000000000000000000012 = {isa = PBXFrameworksBuildPhase; buildActionMask = 2147483647; files = (); runOnlyForDeploymentPostprocessing = 0; };
  A00000000000000000000013 = {isa = PBXResourcesBuildPhase; buildActionMask = 2147483647; files = (A00000000000000000000022); runOnlyForDeploymentPostprocessing = 0; };
  A00000000000000000000014 = {isa = PBXFileReference; lastKnownFileType = sourcecode.swift; path = JaDEApp.swift; sourceTree = "<group>"; };
  A00000000000000000000015 = {isa = PBXFileReference; lastKnownFileType = sourcecode.swift; path = SyncStore.swift; sourceTree = "<group>"; };
  A00000000000000000000016 = {isa = PBXFileReference; lastKnownFileType = text.plist.xml; path = Info.plist; sourceTree = "<group>"; };
  A00000000000000000000017 = {isa = XCBuildConfiguration; name = Debug; buildSettings = { ALWAYS_SEARCH_USER_PATHS = NO; ASSETCATALOG_COMPILER_APPICON_NAME = AppIcon; PRODUCT_BUNDLE_IDENTIFIER = com.mcembalest.jade.mobile; PRODUCT_NAME = "$(TARGET_NAME)"; INFOPLIST_FILE = JaDE/Info.plist; CODE_SIGN_STYLE = Automatic; TARGETED_DEVICE_FAMILY = "1,2"; SUPPORTED_PLATFORMS = "iphoneos iphonesimulator"; SUPPORTS_MACCATALYST = NO; }; };
  A00000000000000000000018 = {isa = XCBuildConfiguration; name = Release; buildSettings = { ALWAYS_SEARCH_USER_PATHS = NO; ASSETCATALOG_COMPILER_APPICON_NAME = AppIcon; PRODUCT_BUNDLE_IDENTIFIER = com.mcembalest.jade.mobile; PRODUCT_NAME = "$(TARGET_NAME)"; INFOPLIST_FILE = JaDE/Info.plist; CODE_SIGN_STYLE = Automatic; TARGETED_DEVICE_FAMILY = "1,2"; SUPPORTED_PLATFORMS = "iphoneos iphonesimulator"; SUPPORTS_MACCATALYST = NO; }; };
  A00000000000000000000019 = {isa = PBXBuildFile; fileRef = A00000000000000000000014; };
  A00000000000000000000020 = {isa = PBXBuildFile; fileRef = A00000000000000000000015; };
  A00000000000000000000021 = {isa = PBXFileReference; lastKnownFileType = folder.assetcatalog; path = Assets.xcassets; sourceTree = "<group>"; };
  A00000000000000000000022 = {isa = PBXBuildFile; fileRef = A00000000000000000000021; };

  B00000000000000000000001 = {isa = PBXNativeTarget; buildConfigurationList = B00000000000000000000004; buildPhases = (B00000000000000000000005,B00000000000000000000006); buildRules = (); dependencies = (B00000000000000000000011); name = JaDEUITests; productName = JaDEUITests; productReference = B00000000000000000000003; productType = "com.apple.product-type.bundle.ui-testing"; };
  B00000000000000000000002 = {isa = PBXGroup; path = JaDEUITests; sourceTree = "<group>"; children = (B00000000000000000000007); };
  B00000000000000000000003 = {isa = PBXFileReference; explicitFileType = wrapper.cfbundle; includeInIndex = 0; path = JaDEUITests.xctest; sourceTree = BUILT_PRODUCTS_DIR; };
  B00000000000000000000004 = {isa = XCConfigurationList; buildConfigurations = (B00000000000000000000008,B00000000000000000000009); defaultConfigurationIsVisible = 0; defaultConfigurationName = Release; };
  B00000000000000000000005 = {isa = PBXSourcesBuildPhase; buildActionMask = 2147483647; files = (B00000000000000000000010); runOnlyForDeploymentPostprocessing = 0; };
  B00000000000000000000006 = {isa = PBXFrameworksBuildPhase; buildActionMask = 2147483647; files = (); runOnlyForDeploymentPostprocessing = 0; };
  B00000000000000000000007 = {isa = PBXFileReference; lastKnownFileType = sourcecode.swift; path = JaDEUITests.swift; sourceTree = "<group>"; };
  B00000000000000000000008 = {isa = XCBuildConfiguration; name = Debug; buildSettings = { PRODUCT_BUNDLE_IDENTIFIER = com.mcembalest.jade.mobile.uitests; PRODUCT_NAME = "$(TARGET_NAME)"; GENERATE_INFOPLIST_FILE = YES; CODE_SIGN_STYLE = Automatic; TEST_TARGET_NAME = JaDE; TARGETED_DEVICE_FAMILY = "1,2"; ALWAYS_SEARCH_USER_PATHS = NO; }; };
  B00000000000000000000009 = {isa = XCBuildConfiguration; name = Release; buildSettings = { PRODUCT_BUNDLE_IDENTIFIER = com.mcembalest.jade.mobile.uitests; PRODUCT_NAME = "$(TARGET_NAME)"; GENERATE_INFOPLIST_FILE = YES; CODE_SIGN_STYLE = Automatic; TEST_TARGET_NAME = JaDE; TARGETED_DEVICE_FAMILY = "1,2"; ALWAYS_SEARCH_USER_PATHS = NO; }; };
  B00000000000000000000010 = {isa = PBXBuildFile; fileRef = B00000000000000000000007; };
  B00000000000000000000011 = {isa = PBXTargetDependency; target = A00000000000000000000005; targetProxy = B00000000000000000000012; };
  B00000000000000000000012 = {isa = PBXContainerItemProxy; containerPortal = A00000000000000000000001; proxyType = 1; remoteGlobalIDString = A00000000000000000000005; remoteInfo = JaDE; };
 };
 rootObject = A00000000000000000000001;
}
